
Microsoft Visual Studio Solution File, Format Version 10.00
# Visual Studio 2008
Project("{8BC9CEB8-8B4A-11D0-8D11-00A0C91BC942}") = "HiN-SimViz", "proj\HiN-SimViz.vcproj", "{47EE2C3E-27C0-4D5C-B0F8-BCB4AD2BEA26}"
	ProjectSection(ProjectDependencies) = postProject
		{FB8C838B-1ADA-4D9F-9D14-F72B6D2D9BFA} = {FB8C838B-1ADA-4D9F-9D14-F72B6D2D9BFA}
	EndProjectSection
EndProject
Project("{8BC9CEB8-8B4A-11D0-8D11-00A0C91BC942}") = "Engine", "proj\Engine.vcproj", "{FB8C838B-1ADA-4D9F-9D14-F72B6D2D9BFA}"
EndProject
Project("{2150E333-8FDC-42A3-9474-1A3956D46DE8}") = "Application", "Application", "{2AB10636-D5E6-456B-A227-0FC96477F6B2}"
EndProject
Global
	GlobalSection(SolutionConfigurationPlatforms) = preSolution
		Debug|Win32 = Debug|Win32
		Release|Win32 = Release|Win32
	EndGlobalSection
	GlobalSection(ProjectConfigurationPlatforms) = postSolution
		{47EE2C3E-27C0-4D5C-B0F8-BCB4AD2BEA26}.Debug|Win32.ActiveCfg = Debug|Win32
		{47EE2C3E-27C0-4D5C-B0F8-BCB4AD2BEA26}.Debug|Win32.Build.0 = Debug|Win32
		{47EE2C3E-27C0-4D5C-B0F8-BCB4AD2BEA26}.Release|Win32.ActiveCfg = Release|Win32
		{47EE2C3E-27C0-4D5C-B0F8-BCB4AD2BEA26}.Release|Win32.Build.0 = Release|Win32
		{FB8C838B-1ADA-4D9F-9D14-F72B6D2D9BFA}.Debug|Win32.ActiveCfg = Debug|Win32
		{FB8C838B-1ADA-4D9F-9D14-F72B6D2D9BFA}.Debug|Win32.Build.0 = Debug|Win32
		{FB8C838B-1ADA-4D9F-9D14-F72B6D2D9BFA}.Release|Win32.ActiveCfg = Release|Win32
		{FB8C838B-1ADA-4D9F-9D14-F72B6D2D9BFA}.Release|Win32.Build.0 = Release|Win32
	EndGlobalSection
	GlobalSection(SolutionProperties) = preSolution
		HideSolutionNode = FALSE
	EndGlobalSection
	GlobalSection(NestedProjects) = preSolution
		{47EE2C3E-27C0-4D5C-B0F8-BCB4AD2BEA26} = {2AB10636-D5E6-456B-A227-0FC96477F6B2}
	EndGlobalSection
EndGlobal
