
Microsoft Visual Studio Solution File, Format Version 10.00
# Visual Studio 2008
Project("{8BC9CEB8-8B4A-11D0-8D11-00A0C91BC942}") = "HiN-SimViz", "proj\HiN-SimViz.vcproj", "{47EE2C3E-27C0-4D5C-B0F8-BCB4AD2BEA26}"
	ProjectSection(ProjectDependencies) = postProject
		{FB8C838B-1ADA-4D9F-9D14-F72B6D2D9BFA} = {FB8C838B-1ADA-4D9F-9D14-F72B6D2D9BFA}
		{5CC02E8F-BCC8-4512-A66A-F7D5F0B68E0F} = {5CC02E8F-BCC8-4512-A66A-F7D5F0B68E0F}
		{9DADBCAA-D994-420E-991B-0644CE354FB8} = {9DADBCAA-D994-420E-991B-0644CE354FB8}
	EndProjectSection
EndProject
Project("{8BC9CEB8-8B4A-11D0-8D11-00A0C91BC942}") = "Engine", "proj\Engine.vcproj", "{FB8C838B-1ADA-4D9F-9D14-F72B6D2D9BFA}"
	ProjectSection(ProjectDependencies) = postProject
		{9DADBCAA-D994-420E-991B-0644CE354FB8} = {9DADBCAA-D994-420E-991B-0644CE354FB8}
	EndProjectSection
EndProject
Project("{2150E333-8FDC-42A3-9474-1A3956D46DE8}") = "Application", "Application", "{2AB10636-D5E6-456B-A227-0FC96477F6B2}"
EndProject
Project("{2150E333-8FDC-42A3-9474-1A3956D46DE8}") = "Depends", "Depends", "{E7B3D1E3-80F1-4B99-B5EE-C4CF9D79BC4F}"
EndProject
Project("{2150E333-8FDC-42A3-9474-1A3956D46DE8}") = "ClanLib", "ClanLib", "{0B3A7412-DCA2-4ADF-8E09-3DA4E8007726}"
EndProject
Project("{8BC9CEB8-8B4A-11D0-8D11-00A0C91BC942}") = "ClanLib", "Src\Depends\ClanLib\ClanLib2.0\Projects\clanCore.vcproj", "{9DADBCAA-D994-420E-991B-0644CE354FB8}"
EndProject
Project("{2150E333-8FDC-42A3-9474-1A3956D46DE8}") = "Entity", "Entity", "{567B0F87-BC8A-497D-A2DC-0F2B5AFD19B3}"
EndProject
Project("{8BC9CEB8-8B4A-11D0-8D11-00A0C91BC942}") = "Entity", "Src\Depends\Entity\Entity.vcproj", "{5CC02E8F-BCC8-4512-A66A-F7D5F0B68E0F}"
	ProjectSection(ProjectDependencies) = postProject
		{FB8C838B-1ADA-4D9F-9D14-F72B6D2D9BFA} = {FB8C838B-1ADA-4D9F-9D14-F72B6D2D9BFA}
		{9DADBCAA-D994-420E-991B-0644CE354FB8} = {9DADBCAA-D994-420E-991B-0644CE354FB8}
	EndProjectSection
EndProject
Global
	GlobalSection(SolutionConfigurationPlatforms) = preSolution
		Debug|Win32 = Debug|Win32
		DebugMT|Win32 = DebugMT|Win32
		DebugMTDLL|Win32 = DebugMTDLL|Win32
		Release|Win32 = Release|Win32
		ReleaseMT|Win32 = ReleaseMT|Win32
		ReleaseMTDLL|Win32 = ReleaseMTDLL|Win32
	EndGlobalSection
	GlobalSection(ProjectConfigurationPlatforms) = postSolution
		{47EE2C3E-27C0-4D5C-B0F8-BCB4AD2BEA26}.Debug|Win32.ActiveCfg = Debug|Win32
		{47EE2C3E-27C0-4D5C-B0F8-BCB4AD2BEA26}.Debug|Win32.Build.0 = Debug|Win32
		{47EE2C3E-27C0-4D5C-B0F8-BCB4AD2BEA26}.DebugMT|Win32.ActiveCfg = Debug|Win32
		{47EE2C3E-27C0-4D5C-B0F8-BCB4AD2BEA26}.DebugMT|Win32.Build.0 = Debug|Win32
		{47EE2C3E-27C0-4D5C-B0F8-BCB4AD2BEA26}.DebugMTDLL|Win32.ActiveCfg = Debug|Win32
		{47EE2C3E-27C0-4D5C-B0F8-BCB4AD2BEA26}.DebugMTDLL|Win32.Build.0 = Debug|Win32
		{47EE2C3E-27C0-4D5C-B0F8-BCB4AD2BEA26}.Release|Win32.ActiveCfg = Release|Win32
		{47EE2C3E-27C0-4D5C-B0F8-BCB4AD2BEA26}.Release|Win32.Build.0 = Release|Win32
		{47EE2C3E-27C0-4D5C-B0F8-BCB4AD2BEA26}.ReleaseMT|Win32.ActiveCfg = Release|Win32
		{47EE2C3E-27C0-4D5C-B0F8-BCB4AD2BEA26}.ReleaseMT|Win32.Build.0 = Release|Win32
		{47EE2C3E-27C0-4D5C-B0F8-BCB4AD2BEA26}.ReleaseMTDLL|Win32.ActiveCfg = Release|Win32
		{47EE2C3E-27C0-4D5C-B0F8-BCB4AD2BEA26}.ReleaseMTDLL|Win32.Build.0 = Release|Win32
		{FB8C838B-1ADA-4D9F-9D14-F72B6D2D9BFA}.Debug|Win32.ActiveCfg = Debug|Win32
		{FB8C838B-1ADA-4D9F-9D14-F72B6D2D9BFA}.Debug|Win32.Build.0 = Debug|Win32
		{FB8C838B-1ADA-4D9F-9D14-F72B6D2D9BFA}.DebugMT|Win32.ActiveCfg = Debug|Win32
		{FB8C838B-1ADA-4D9F-9D14-F72B6D2D9BFA}.DebugMT|Win32.Build.0 = Debug|Win32
		{FB8C838B-1ADA-4D9F-9D14-F72B6D2D9BFA}.DebugMTDLL|Win32.ActiveCfg = Debug|Win32
		{FB8C838B-1ADA-4D9F-9D14-F72B6D2D9BFA}.DebugMTDLL|Win32.Build.0 = Debug|Win32
		{FB8C838B-1ADA-4D9F-9D14-F72B6D2D9BFA}.Release|Win32.ActiveCfg = Release|Win32
		{FB8C838B-1ADA-4D9F-9D14-F72B6D2D9BFA}.Release|Win32.Build.0 = Release|Win32
		{FB8C838B-1ADA-4D9F-9D14-F72B6D2D9BFA}.ReleaseMT|Win32.ActiveCfg = Release|Win32
		{FB8C838B-1ADA-4D9F-9D14-F72B6D2D9BFA}.ReleaseMT|Win32.Build.0 = Release|Win32
		{FB8C838B-1ADA-4D9F-9D14-F72B6D2D9BFA}.ReleaseMTDLL|Win32.ActiveCfg = Release|Win32
		{FB8C838B-1ADA-4D9F-9D14-F72B6D2D9BFA}.ReleaseMTDLL|Win32.Build.0 = Release|Win32
		{9DADBCAA-D994-420E-991B-0644CE354FB8}.Debug|Win32.ActiveCfg = DebugMTDLL|Win32
		{9DADBCAA-D994-420E-991B-0644CE354FB8}.Debug|Win32.Build.0 = DebugMTDLL|Win32
		{9DADBCAA-D994-420E-991B-0644CE354FB8}.DebugMT|Win32.ActiveCfg = DebugMT|Win32
		{9DADBCAA-D994-420E-991B-0644CE354FB8}.DebugMT|Win32.Build.0 = DebugMT|Win32
		{9DADBCAA-D994-420E-991B-0644CE354FB8}.DebugMTDLL|Win32.ActiveCfg = DebugMTDLL|Win32
		{9DADBCAA-D994-420E-991B-0644CE354FB8}.DebugMTDLL|Win32.Build.0 = DebugMTDLL|Win32
		{9DADBCAA-D994-420E-991B-0644CE354FB8}.Release|Win32.ActiveCfg = ReleaseMTDLL|Win32
		{9DADBCAA-D994-420E-991B-0644CE354FB8}.Release|Win32.Build.0 = ReleaseMTDLL|Win32
		{9DADBCAA-D994-420E-991B-0644CE354FB8}.ReleaseMT|Win32.ActiveCfg = ReleaseMT|Win32
		{9DADBCAA-D994-420E-991B-0644CE354FB8}.ReleaseMT|Win32.Build.0 = ReleaseMT|Win32
		{9DADBCAA-D994-420E-991B-0644CE354FB8}.ReleaseMTDLL|Win32.ActiveCfg = ReleaseMTDLL|Win32
		{9DADBCAA-D994-420E-991B-0644CE354FB8}.ReleaseMTDLL|Win32.Build.0 = ReleaseMTDLL|Win32
		{5CC02E8F-BCC8-4512-A66A-F7D5F0B68E0F}.Debug|Win32.ActiveCfg = Debug|Win32
		{5CC02E8F-BCC8-4512-A66A-F7D5F0B68E0F}.Debug|Win32.Build.0 = Debug|Win32
		{5CC02E8F-BCC8-4512-A66A-F7D5F0B68E0F}.DebugMT|Win32.ActiveCfg = Debug|Win32
		{5CC02E8F-BCC8-4512-A66A-F7D5F0B68E0F}.DebugMT|Win32.Build.0 = Debug|Win32
		{5CC02E8F-BCC8-4512-A66A-F7D5F0B68E0F}.DebugMTDLL|Win32.ActiveCfg = Debug|Win32
		{5CC02E8F-BCC8-4512-A66A-F7D5F0B68E0F}.DebugMTDLL|Win32.Build.0 = Debug|Win32
		{5CC02E8F-BCC8-4512-A66A-F7D5F0B68E0F}.Release|Win32.ActiveCfg = Release|Win32
		{5CC02E8F-BCC8-4512-A66A-F7D5F0B68E0F}.Release|Win32.Build.0 = Release|Win32
		{5CC02E8F-BCC8-4512-A66A-F7D5F0B68E0F}.ReleaseMT|Win32.ActiveCfg = Release|Win32
		{5CC02E8F-BCC8-4512-A66A-F7D5F0B68E0F}.ReleaseMT|Win32.Build.0 = Release|Win32
		{5CC02E8F-BCC8-4512-A66A-F7D5F0B68E0F}.ReleaseMTDLL|Win32.ActiveCfg = Release|Win32
		{5CC02E8F-BCC8-4512-A66A-F7D5F0B68E0F}.ReleaseMTDLL|Win32.Build.0 = Release|Win32
	EndGlobalSection
	GlobalSection(SolutionProperties) = preSolution
		HideSolutionNode = FALSE
	EndGlobalSection
	GlobalSection(NestedProjects) = preSolution
		{47EE2C3E-27C0-4D5C-B0F8-BCB4AD2BEA26} = {2AB10636-D5E6-456B-A227-0FC96477F6B2}
		{0B3A7412-DCA2-4ADF-8E09-3DA4E8007726} = {E7B3D1E3-80F1-4B99-B5EE-C4CF9D79BC4F}
		{567B0F87-BC8A-497D-A2DC-0F2B5AFD19B3} = {E7B3D1E3-80F1-4B99-B5EE-C4CF9D79BC4F}
		{9DADBCAA-D994-420E-991B-0644CE354FB8} = {0B3A7412-DCA2-4ADF-8E09-3DA4E8007726}
		{5CC02E8F-BCC8-4512-A66A-F7D5F0B68E0F} = {567B0F87-BC8A-497D-A2DC-0F2B5AFD19B3}
	EndGlobalSection
EndGlobal
